// !$*UTF8*$!
{
	archiveVersion = 1;
	classes = {
	};
	objectVersion = 48;
	objects = {

/* Begin PBXBuildFile section */
		2A1DD4DF1F389C2200712195 /* DeeplinkHandler.swift in Sources */ = {isa = PBXBuildFile; fileRef = 2A1DD4DE1F389C2200712195 /* DeeplinkHandler.swift */; };
		2A1DD4E11F389E2100712195 /* NotificationsHandler.swift in Sources */ = {isa = PBXBuildFile; fileRef = 2A1DD4E01F389E2100712195 /* NotificationsHandler.swift */; };
		2A1E77371F384BFC006C84D4 /* AppDelegate.swift in Sources */ = {isa = PBXBuildFile; fileRef = 2A1E77361F384BFC006C84D4 /* AppDelegate.swift */; };
		2A1E773E1F384BFD006C84D4 /* Assets.xcassets in Resources */ = {isa = PBXBuildFile; fileRef = 2A1E773D1F384BFD006C84D4 /* Assets.xcassets */; };
		2A1E77411F384BFD006C84D4 /* LaunchScreen.storyboard in Resources */ = {isa = PBXBuildFile; fileRef = 2A1E773F1F384BFD006C84D4 /* LaunchScreen.storyboard */; };
		2A9222821F38797600A648E6 /* ConfigurationManager.swift in Sources */ = {isa = PBXBuildFile; fileRef = 2A9222811F38797600A648E6 /* ConfigurationManager.swift */; };
		2ABEE6D41F38856A00531205 /* Configuration.plist in Resources */ = {isa = PBXBuildFile; fileRef = 2ABEE6D31F38828A00531205 /* Configuration.plist */; };
		2ABEE6D61F3886D700531205 /* RootRouter.swift in Sources */ = {isa = PBXBuildFile; fileRef = 2ABEE6D51F3886D700531205 /* RootRouter.swift */; };
		49A2AE7EC54364B19D0A1B08 /* Pods_AdAstra.framework in Frameworks */ = {isa = PBXBuildFile; fileRef = AF227E76BBEF7D0CAD303AE3 /* Pods_AdAstra.framework */; };
		553FC23C214047CB001D9362 /* R.generated.swift in Sources */ = {isa = PBXBuildFile; fileRef = 553FC23B214047CB001D9362 /* R.generated.swift */; };
		A6E0E0A6F866A2B6721492A5 /* Pods_AdAstraTests.framework in Frameworks */ = {isa = PBXBuildFile; fileRef = 35B4FEDDC7E033E9B6343767 /* Pods_AdAstraTests.framework */; };
		C90395241FC622D2006F1DC0 /* main.swift in Sources */ = {isa = PBXBuildFile; fileRef = C90395231FC622D2006F1DC0 /* main.swift */; };
		C90395261FC62399006F1DC0 /* TestsAppDelegate.swift in Sources */ = {isa = PBXBuildFile; fileRef = C90395251FC62399006F1DC0 /* TestsAppDelegate.swift */; };
		C90395271FC62425006F1DC0 /* TestsAppDelegate.swift in Sources */ = {isa = PBXBuildFile; fileRef = C90395251FC62399006F1DC0 /* TestsAppDelegate.swift */; };
		D96719D92264FE78007563BE /* LaunchesRouter.swift in Sources */ = {isa = PBXBuildFile; fileRef = D96719D82264FE78007563BE /* LaunchesRouter.swift */; };
		D96719DB2264FEA7007563BE /* LaunchesRouterDelegate.swift in Sources */ = {isa = PBXBuildFile; fileRef = D96719DA2264FEA7007563BE /* LaunchesRouterDelegate.swift */; };
		D96719DD22650028007563BE /* RootRouter+Launches.swift in Sources */ = {isa = PBXBuildFile; fileRef = D96719DC22650028007563BE /* RootRouter+Launches.swift */; };
		D96719DF226504BF007563BE /* LaunchesTableViewController.swift in Sources */ = {isa = PBXBuildFile; fileRef = D96719DE226504BF007563BE /* LaunchesTableViewController.swift */; };
		D96719E12265051F007563BE /* LaunchesPresenter.swift in Sources */ = {isa = PBXBuildFile; fileRef = D96719E02265051F007563BE /* LaunchesPresenter.swift */; };
		D96719E322650630007563BE /* LaunchesInteractorImplementation.swift in Sources */ = {isa = PBXBuildFile; fileRef = D96719E222650630007563BE /* LaunchesInteractorImplementation.swift */; };
		D96719E8226508E3007563BE /* LaunchesDataService.swift in Sources */ = {isa = PBXBuildFile; fileRef = D96719E7226508E3007563BE /* LaunchesDataService.swift */; };
		D96719EA22650945007563BE /* Launches.swift in Sources */ = {isa = PBXBuildFile; fileRef = D96719E922650945007563BE /* Launches.swift */; };
		D96719EC22650A02007563BE /* Launch.swift in Sources */ = {isa = PBXBuildFile; fileRef = D96719EB22650A02007563BE /* Launch.swift */; };
		D96719EE22650AC2007563BE /* CommonDataService.swift in Sources */ = {isa = PBXBuildFile; fileRef = D96719ED22650AC2007563BE /* CommonDataService.swift */; };
		D9BCD1FD227598540095ADBB /* CellItem.swift in Sources */ = {isa = PBXBuildFile; fileRef = D9BCD1FC227598540095ADBB /* CellItem.swift */; };
		D9BCD1FF2275CB0B0095ADBB /* Launches+RawCellData.swift in Sources */ = {isa = PBXBuildFile; fileRef = D9BCD1FE2275CB0B0095ADBB /* Launches+RawCellData.swift */; };
		D9BCD2012275CF840095ADBB /* CellDataSource.swift in Sources */ = {isa = PBXBuildFile; fileRef = D9BCD2002275CF840095ADBB /* CellDataSource.swift */; };
		D9BCD2032275D0BA0095ADBB /* InfiniteCellItemDataSource.swift in Sources */ = {isa = PBXBuildFile; fileRef = D9BCD2022275D0BA0095ADBB /* InfiniteCellItemDataSource.swift */; };
		D9BCD2052275D1EF0095ADBB /* RawCellData.swift in Sources */ = {isa = PBXBuildFile; fileRef = D9BCD2042275D1EF0095ADBB /* RawCellData.swift */; };
		D9BCD20C227618780095ADBB /* MissionsInteractorImplementation.swift in Sources */ = {isa = PBXBuildFile; fileRef = D9BCD20A2275F5210095ADBB /* MissionsInteractorImplementation.swift */; };
		D9BCD20D2276189A0095ADBB /* MissionPresenter.swift in Sources */ = {isa = PBXBuildFile; fileRef = D9BCD2092275F5210095ADBB /* MissionPresenter.swift */; };
		D9BCD210227618E90095ADBB /* Missions.swift in Sources */ = {isa = PBXBuildFile; fileRef = D9BCD20F227618E90095ADBB /* Missions.swift */; };
		D9BCD2122276191F0095ADBB /* Mission.swift in Sources */ = {isa = PBXBuildFile; fileRef = D9BCD2112276191F0095ADBB /* Mission.swift */; };
		D9BCD213227619550095ADBB /* MissionsURLBuilder.swift in Sources */ = {isa = PBXBuildFile; fileRef = D9BCD20B2275F5210095ADBB /* MissionsURLBuilder.swift */; };
		D9BCD21422761A610095ADBB /* MissionTableViewController.swift in Sources */ = {isa = PBXBuildFile; fileRef = D9BCD2072275F5200095ADBB /* MissionTableViewController.swift */; };
		D9BCD21622761B1F0095ADBB /* MissionsRouter.swift in Sources */ = {isa = PBXBuildFile; fileRef = D9BCD21522761B1F0095ADBB /* MissionsRouter.swift */; };
		D9BCD21B22762BC90095ADBB /* LaunchRouter.swift in Sources */ = {isa = PBXBuildFile; fileRef = D9BCD21A22762BC90095ADBB /* LaunchRouter.swift */; };
		D9BCD21D22762D360095ADBB /* LaunchTableViewController.swift in Sources */ = {isa = PBXBuildFile; fileRef = D9BCD21C22762D360095ADBB /* LaunchTableViewController.swift */; };
		D9BCD21F22762DC90095ADBB /* LaunchPresenter.swift in Sources */ = {isa = PBXBuildFile; fileRef = D9BCD21E22762DC90095ADBB /* LaunchPresenter.swift */; };
		D9BCD22122762E0E0095ADBB /* LaunchInteractor.swift in Sources */ = {isa = PBXBuildFile; fileRef = D9BCD22022762E0E0095ADBB /* LaunchInteractor.swift */; };
		D9BCD22322762EE30095ADBB /* LaunchURLBuilder.swift in Sources */ = {isa = PBXBuildFile; fileRef = D9BCD22222762EE30095ADBB /* LaunchURLBuilder.swift */; };
		D9BCD22522776A8D0095ADBB /* BaseTableViewController.swift in Sources */ = {isa = PBXBuildFile; fileRef = D9BCD22422776A8D0095ADBB /* BaseTableViewController.swift */; };
		F204F57C226E4B0E00C85091 /* LaunchesURLBuilder.swift in Sources */ = {isa = PBXBuildFile; fileRef = F204F57B226E4B0E00C85091 /* LaunchesURLBuilder.swift */; };
		F204F581226E554E00C85091 /* LaunchCellTableViewCell.swift in Sources */ = {isa = PBXBuildFile; fileRef = F204F57F226E554E00C85091 /* LaunchCellTableViewCell.swift */; };
		F204F582226E554E00C85091 /* LaunchCellTableViewCell.xib in Resources */ = {isa = PBXBuildFile; fileRef = F204F580226E554E00C85091 /* LaunchCellTableViewCell.xib */; };
		F204F584226E57AC00C85091 /* Launch+CellItem.swift in Sources */ = {isa = PBXBuildFile; fileRef = F204F583226E57AC00C85091 /* Launch+CellItem.swift */; };
		F204F586226E586C00C85091 /* ConfigurableCell.swift in Sources */ = {isa = PBXBuildFile; fileRef = F204F585226E586C00C85091 /* ConfigurableCell.swift */; };
		F204F58B226E5AEF00C85091 /* LoadingCellItem.swift in Sources */ = {isa = PBXBuildFile; fileRef = F204F58A226E5AEF00C85091 /* LoadingCellItem.swift */; };
		F204F58E226E5B2300C85091 /* LoadingTableViewCell.swift in Sources */ = {isa = PBXBuildFile; fileRef = F204F58C226E5B2300C85091 /* LoadingTableViewCell.swift */; };
		F204F58F226E5B2300C85091 /* LoadingTableViewCell.xib in Resources */ = {isa = PBXBuildFile; fileRef = F204F58D226E5B2300C85091 /* LoadingTableViewCell.xib */; };
		FCB2C7CB1F57127800481080 /* Localizable.strings in Resources */ = {isa = PBXBuildFile; fileRef = FCB2C7CA1F57127800481080 /* Localizable.strings */; };
/* End PBXBuildFile section */

/* Begin PBXContainerItemProxy section */
		2A1E77481F384BFD006C84D4 /* PBXContainerItemProxy */ = {
			isa = PBXContainerItemProxy;
			containerPortal = 2A1E772B1F384BFC006C84D4 /* Project object */;
			proxyType = 1;
			remoteGlobalIDString = 2A1E77321F384BFC006C84D4;
			remoteInfo = AdAstra;
		};
/* End PBXContainerItemProxy section */

/* Begin PBXFileReference section */
		01A437CBFABFF5774461FCA0 /* Pods-AdAstra.debug.xcconfig */ = {isa = PBXFileReference; includeInIndex = 1; lastKnownFileType = text.xcconfig; name = "Pods-AdAstra.debug.xcconfig"; path = "Pods/Target Support Files/Pods-AdAstra/Pods-AdAstra.debug.xcconfig"; sourceTree = "<group>"; };
		2A1DD4DE1F389C2200712195 /* DeeplinkHandler.swift */ = {isa = PBXFileReference; lastKnownFileType = sourcecode.swift; path = DeeplinkHandler.swift; sourceTree = "<group>"; };
		2A1DD4E01F389E2100712195 /* NotificationsHandler.swift */ = {isa = PBXFileReference; lastKnownFileType = sourcecode.swift; path = NotificationsHandler.swift; sourceTree = "<group>"; };
		2A1E77331F384BFC006C84D4 /* AdAstra.app */ = {isa = PBXFileReference; explicitFileType = wrapper.application; includeInIndex = 0; path = AdAstra.app; sourceTree = BUILT_PRODUCTS_DIR; };
		2A1E77361F384BFC006C84D4 /* AppDelegate.swift */ = {isa = PBXFileReference; lastKnownFileType = sourcecode.swift; path = AppDelegate.swift; sourceTree = "<group>"; };
		2A1E773D1F384BFD006C84D4 /* Assets.xcassets */ = {isa = PBXFileReference; lastKnownFileType = folder.assetcatalog; path = Assets.xcassets; sourceTree = "<group>"; };
		2A1E77401F384BFD006C84D4 /* Base */ = {isa = PBXFileReference; lastKnownFileType = file.storyboard; name = Base; path = Base.lproj/LaunchScreen.storyboard; sourceTree = "<group>"; };
		2A1E77421F384BFD006C84D4 /* Info.plist */ = {isa = PBXFileReference; lastKnownFileType = text.plist.xml; path = Info.plist; sourceTree = "<group>"; };
		2A1E77471F384BFD006C84D4 /* AdAstraTests.xctest */ = {isa = PBXFileReference; explicitFileType = wrapper.cfbundle; includeInIndex = 0; path = AdAstraTests.xctest; sourceTree = BUILT_PRODUCTS_DIR; };
		2A1E774D1F384BFD006C84D4 /* Info.plist */ = {isa = PBXFileReference; lastKnownFileType = text.plist.xml; path = Info.plist; sourceTree = "<group>"; };
		2A9222811F38797600A648E6 /* ConfigurationManager.swift */ = {isa = PBXFileReference; lastKnownFileType = sourcecode.swift; path = ConfigurationManager.swift; sourceTree = "<group>"; };
		2A9222841F387B1D00A648E6 /* AdAstraTests-Bridging-Header.h */ = {isa = PBXFileReference; lastKnownFileType = sourcecode.c.h; path = "AdAstraTests-Bridging-Header.h"; sourceTree = "<group>"; };
		2ABEE6D31F38828A00531205 /* Configuration.plist */ = {isa = PBXFileReference; lastKnownFileType = text.plist.xml; path = Configuration.plist; sourceTree = "<group>"; };
		2ABEE6D51F3886D700531205 /* RootRouter.swift */ = {isa = PBXFileReference; lastKnownFileType = sourcecode.swift; path = RootRouter.swift; sourceTree = "<group>"; };
		2E1EB9DC7172ED62EBE6EBE1 /* Pods-AdAstra.release.xcconfig */ = {isa = PBXFileReference; includeInIndex = 1; lastKnownFileType = text.xcconfig; name = "Pods-AdAstra.release.xcconfig"; path = "Pods/Target Support Files/Pods-AdAstra/Pods-AdAstra.release.xcconfig"; sourceTree = "<group>"; };
		35B4FEDDC7E033E9B6343767 /* Pods_AdAstraTests.framework */ = {isa = PBXFileReference; explicitFileType = wrapper.framework; includeInIndex = 0; path = Pods_AdAstraTests.framework; sourceTree = BUILT_PRODUCTS_DIR; };
		35ED811E1243AEF0C986F821 /* Pods-AdAstraTests.debug.xcconfig */ = {isa = PBXFileReference; includeInIndex = 1; lastKnownFileType = text.xcconfig; name = "Pods-AdAstraTests.debug.xcconfig"; path = "Pods/Target Support Files/Pods-AdAstraTests/Pods-AdAstraTests.debug.xcconfig"; sourceTree = "<group>"; };
		381E165001F1DFB8C62FA5A1 /* Pods-AdAstraTests.release.xcconfig */ = {isa = PBXFileReference; includeInIndex = 1; lastKnownFileType = text.xcconfig; name = "Pods-AdAstraTests.release.xcconfig"; path = "Pods/Target Support Files/Pods-AdAstraTests/Pods-AdAstraTests.release.xcconfig"; sourceTree = "<group>"; };
		4DE257C7B3AD004165A3B1A5 /* Pods-AdAstra.staging.xcconfig */ = {isa = PBXFileReference; includeInIndex = 1; lastKnownFileType = text.xcconfig; name = "Pods-AdAstra.staging.xcconfig"; path = "Pods/Target Support Files/Pods-AdAstra/Pods-AdAstra.staging.xcconfig"; sourceTree = "<group>"; };
		553FC23B214047CB001D9362 /* R.generated.swift */ = {isa = PBXFileReference; lastKnownFileType = sourcecode.swift; path = R.generated.swift; sourceTree = "<group>"; };
		55F50BE321404BDD00FAC039 /* Readme.md */ = {isa = PBXFileReference; fileEncoding = 4; lastKnownFileType = net.daringfireball.markdown; path = Readme.md; sourceTree = "<group>"; };
		6141106D23652531A4EB77FA /* Pods-AdAstraTests.staging.xcconfig */ = {isa = PBXFileReference; includeInIndex = 1; lastKnownFileType = text.xcconfig; name = "Pods-AdAstraTests.staging.xcconfig"; path = "Pods/Target Support Files/Pods-AdAstraTests/Pods-AdAstraTests.staging.xcconfig"; sourceTree = "<group>"; };
		AF227E76BBEF7D0CAD303AE3 /* Pods_AdAstra.framework */ = {isa = PBXFileReference; explicitFileType = wrapper.framework; includeInIndex = 0; path = Pods_AdAstra.framework; sourceTree = BUILT_PRODUCTS_DIR; };
		C90395231FC622D2006F1DC0 /* main.swift */ = {isa = PBXFileReference; lastKnownFileType = sourcecode.swift; path = main.swift; sourceTree = "<group>"; };
		C90395251FC62399006F1DC0 /* TestsAppDelegate.swift */ = {isa = PBXFileReference; lastKnownFileType = sourcecode.swift; path = TestsAppDelegate.swift; sourceTree = "<group>"; };
		D96719D82264FE78007563BE /* LaunchesRouter.swift */ = {isa = PBXFileReference; lastKnownFileType = sourcecode.swift; path = LaunchesRouter.swift; sourceTree = "<group>"; };
		D96719DA2264FEA7007563BE /* LaunchesRouterDelegate.swift */ = {isa = PBXFileReference; lastKnownFileType = sourcecode.swift; path = LaunchesRouterDelegate.swift; sourceTree = "<group>"; };
		D96719DC22650028007563BE /* RootRouter+Launches.swift */ = {isa = PBXFileReference; lastKnownFileType = sourcecode.swift; path = "RootRouter+Launches.swift"; sourceTree = "<group>"; };
		D96719DE226504BF007563BE /* LaunchesTableViewController.swift */ = {isa = PBXFileReference; lastKnownFileType = sourcecode.swift; path = LaunchesTableViewController.swift; sourceTree = "<group>"; };
		D96719E02265051F007563BE /* LaunchesPresenter.swift */ = {isa = PBXFileReference; lastKnownFileType = sourcecode.swift; path = LaunchesPresenter.swift; sourceTree = "<group>"; };
		D96719E222650630007563BE /* LaunchesInteractorImplementation.swift */ = {isa = PBXFileReference; lastKnownFileType = sourcecode.swift; path = LaunchesInteractorImplementation.swift; sourceTree = "<group>"; };
		D96719E7226508E3007563BE /* LaunchesDataService.swift */ = {isa = PBXFileReference; lastKnownFileType = sourcecode.swift; path = LaunchesDataService.swift; sourceTree = "<group>"; };
		D96719E922650945007563BE /* Launches.swift */ = {isa = PBXFileReference; lastKnownFileType = sourcecode.swift; path = Launches.swift; sourceTree = "<group>"; };
		D96719EB22650A02007563BE /* Launch.swift */ = {isa = PBXFileReference; lastKnownFileType = sourcecode.swift; path = Launch.swift; sourceTree = "<group>"; };
		D96719ED22650AC2007563BE /* CommonDataService.swift */ = {isa = PBXFileReference; lastKnownFileType = sourcecode.swift; path = CommonDataService.swift; sourceTree = "<group>"; };
		D9BCD1FC227598540095ADBB /* CellItem.swift */ = {isa = PBXFileReference; lastKnownFileType = sourcecode.swift; path = CellItem.swift; sourceTree = "<group>"; };
		D9BCD1FE2275CB0B0095ADBB /* Launches+RawCellData.swift */ = {isa = PBXFileReference; lastKnownFileType = sourcecode.swift; path = "Launches+RawCellData.swift"; sourceTree = "<group>"; };
		D9BCD2002275CF840095ADBB /* CellDataSource.swift */ = {isa = PBXFileReference; lastKnownFileType = sourcecode.swift; path = CellDataSource.swift; sourceTree = "<group>"; };
		D9BCD2022275D0BA0095ADBB /* InfiniteCellItemDataSource.swift */ = {isa = PBXFileReference; lastKnownFileType = sourcecode.swift; path = InfiniteCellItemDataSource.swift; sourceTree = "<group>"; };
		D9BCD2042275D1EF0095ADBB /* RawCellData.swift */ = {isa = PBXFileReference; lastKnownFileType = sourcecode.swift; path = RawCellData.swift; sourceTree = "<group>"; };
		D9BCD2072275F5200095ADBB /* MissionTableViewController.swift */ = {isa = PBXFileReference; lastKnownFileType = sourcecode.swift; path = MissionTableViewController.swift; sourceTree = "<group>"; };
		D9BCD2092275F5210095ADBB /* MissionPresenter.swift */ = {isa = PBXFileReference; lastKnownFileType = sourcecode.swift; path = MissionPresenter.swift; sourceTree = "<group>"; };
		D9BCD20A2275F5210095ADBB /* MissionsInteractorImplementation.swift */ = {isa = PBXFileReference; lastKnownFileType = sourcecode.swift; path = MissionsInteractorImplementation.swift; sourceTree = "<group>"; };
		D9BCD20B2275F5210095ADBB /* MissionsURLBuilder.swift */ = {isa = PBXFileReference; lastKnownFileType = sourcecode.swift; path = MissionsURLBuilder.swift; sourceTree = "<group>"; };
		D9BCD20F227618E90095ADBB /* Missions.swift */ = {isa = PBXFileReference; lastKnownFileType = sourcecode.swift; path = Missions.swift; sourceTree = "<group>"; };
		D9BCD2112276191F0095ADBB /* Mission.swift */ = {isa = PBXFileReference; lastKnownFileType = sourcecode.swift; path = Mission.swift; sourceTree = "<group>"; };
		D9BCD21522761B1F0095ADBB /* MissionsRouter.swift */ = {isa = PBXFileReference; fileEncoding = 4; lastKnownFileType = sourcecode.swift; path = MissionsRouter.swift; sourceTree = "<group>"; };
		D9BCD21A22762BC90095ADBB /* LaunchRouter.swift */ = {isa = PBXFileReference; lastKnownFileType = sourcecode.swift; path = LaunchRouter.swift; sourceTree = "<group>"; };
		D9BCD21C22762D360095ADBB /* LaunchTableViewController.swift */ = {isa = PBXFileReference; lastKnownFileType = sourcecode.swift; path = LaunchTableViewController.swift; sourceTree = "<group>"; };
		D9BCD21E22762DC90095ADBB /* LaunchPresenter.swift */ = {isa = PBXFileReference; lastKnownFileType = sourcecode.swift; path = LaunchPresenter.swift; sourceTree = "<group>"; };
		D9BCD22022762E0E0095ADBB /* LaunchInteractor.swift */ = {isa = PBXFileReference; lastKnownFileType = sourcecode.swift; path = LaunchInteractor.swift; sourceTree = "<group>"; };
		D9BCD22222762EE30095ADBB /* LaunchURLBuilder.swift */ = {isa = PBXFileReference; lastKnownFileType = sourcecode.swift; path = LaunchURLBuilder.swift; sourceTree = "<group>"; };
		D9BCD22422776A8D0095ADBB /* BaseTableViewController.swift */ = {isa = PBXFileReference; lastKnownFileType = sourcecode.swift; path = BaseTableViewController.swift; sourceTree = "<group>"; };
		F204F57B226E4B0E00C85091 /* LaunchesURLBuilder.swift */ = {isa = PBXFileReference; lastKnownFileType = sourcecode.swift; path = LaunchesURLBuilder.swift; sourceTree = "<group>"; };
		F204F57F226E554E00C85091 /* LaunchCellTableViewCell.swift */ = {isa = PBXFileReference; lastKnownFileType = sourcecode.swift; path = LaunchCellTableViewCell.swift; sourceTree = "<group>"; };
		F204F580226E554E00C85091 /* LaunchCellTableViewCell.xib */ = {isa = PBXFileReference; lastKnownFileType = file.xib; path = LaunchCellTableViewCell.xib; sourceTree = "<group>"; };
		F204F583226E57AC00C85091 /* Launch+CellItem.swift */ = {isa = PBXFileReference; lastKnownFileType = sourcecode.swift; path = "Launch+CellItem.swift"; sourceTree = "<group>"; };
		F204F585226E586C00C85091 /* ConfigurableCell.swift */ = {isa = PBXFileReference; lastKnownFileType = sourcecode.swift; path = ConfigurableCell.swift; sourceTree = "<group>"; };
		F204F58A226E5AEF00C85091 /* LoadingCellItem.swift */ = {isa = PBXFileReference; lastKnownFileType = sourcecode.swift; path = LoadingCellItem.swift; sourceTree = "<group>"; };
		F204F58C226E5B2300C85091 /* LoadingTableViewCell.swift */ = {isa = PBXFileReference; lastKnownFileType = sourcecode.swift; path = LoadingTableViewCell.swift; sourceTree = "<group>"; };
		F204F58D226E5B2300C85091 /* LoadingTableViewCell.xib */ = {isa = PBXFileReference; lastKnownFileType = file.xib; path = LoadingTableViewCell.xib; sourceTree = "<group>"; };
		FCB2C7CA1F57127800481080 /* Localizable.strings */ = {isa = PBXFileReference; fileEncoding = 4; lastKnownFileType = text.plist.strings; path = Localizable.strings; sourceTree = "<group>"; };
/* End PBXFileReference section */

/* Begin PBXFrameworksBuildPhase section */
		2A1E77301F384BFC006C84D4 /* Frameworks */ = {
			isa = PBXFrameworksBuildPhase;
			buildActionMask = 2147483647;
			files = (
				49A2AE7EC54364B19D0A1B08 /* Pods_AdAstra.framework in Frameworks */,
			);
			runOnlyForDeploymentPostprocessing = 0;
		};
		2A1E77441F384BFD006C84D4 /* Frameworks */ = {
			isa = PBXFrameworksBuildPhase;
			buildActionMask = 2147483647;
			files = (
				A6E0E0A6F866A2B6721492A5 /* Pods_AdAstraTests.framework in Frameworks */,
			);
			runOnlyForDeploymentPostprocessing = 0;
		};
/* End PBXFrameworksBuildPhase section */

/* Begin PBXGroup section */
		1782E5A5CCF57900713DC5F1 /* Pods */ = {
			isa = PBXGroup;
			children = (
				01A437CBFABFF5774461FCA0 /* Pods-AdAstra.debug.xcconfig */,
				4DE257C7B3AD004165A3B1A5 /* Pods-AdAstra.staging.xcconfig */,
				2E1EB9DC7172ED62EBE6EBE1 /* Pods-AdAstra.release.xcconfig */,
				35ED811E1243AEF0C986F821 /* Pods-AdAstraTests.debug.xcconfig */,
				6141106D23652531A4EB77FA /* Pods-AdAstraTests.staging.xcconfig */,
				381E165001F1DFB8C62FA5A1 /* Pods-AdAstraTests.release.xcconfig */,
			);
			name = Pods;
			sourceTree = "<group>";
		};
		2A1DD4E21F38A09700712195 /* Launch */ = {
			isa = PBXGroup;
			children = (
				2A1E773F1F384BFD006C84D4 /* LaunchScreen.storyboard */,
			);
			path = Launch;
			sourceTree = "<group>";
		};
		2A1E772A1F384BFC006C84D4 = {
			isa = PBXGroup;
			children = (
				55F50BE321404BDD00FAC039 /* Readme.md */,
				2A1E77351F384BFC006C84D4 /* AdAstra */,
				2A1E774A1F384BFD006C84D4 /* AdAstraTests */,
				2A1E77341F384BFC006C84D4 /* Products */,
				1782E5A5CCF57900713DC5F1 /* Pods */,
				7A25389D4BB3A6377608D3DA /* Frameworks */,
			);
			sourceTree = "<group>";
		};
		2A1E77341F384BFC006C84D4 /* Products */ = {
			isa = PBXGroup;
			children = (
				2A1E77331F384BFC006C84D4 /* AdAstra.app */,
				2A1E77471F384BFD006C84D4 /* AdAstraTests.xctest */,
			);
			name = Products;
			sourceTree = "<group>";
		};
		2A1E77351F384BFC006C84D4 /* AdAstra */ = {
			isa = PBXGroup;
			children = (
				D9BCD1FB227597CA0095ADBB /* Base Classes */,
				C90395231FC622D2006F1DC0 /* main.swift */,
				2A1E77361F384BFC006C84D4 /* AppDelegate.swift */,
				2AFB31021F3853C6009C4586 /* Resources */,
				2AFB31071F38542E009C4586 /* SupportingFiles */,
				2AB31D9E1F38740A00B7D1F3 /* Models */,
				D96719E42265088C007563BE /* DataServices */,
				2AB31D9F1F38741400B7D1F3 /* Modules */,
				2AFB310A1F385A20009C4586 /* Helpers */,
			);
			path = AdAstra;
			sourceTree = "<group>";
		};
		2A1E774A1F384BFD006C84D4 /* AdAstraTests */ = {
			isa = PBXGroup;
			children = (
				2A9222841F387B1D00A648E6 /* AdAstraTests-Bridging-Header.h */,
				2A1E774D1F384BFD006C84D4 /* Info.plist */,
				C90395251FC62399006F1DC0 /* TestsAppDelegate.swift */,
			);
			path = AdAstraTests;
			sourceTree = "<group>";
		};
		2AB31D9E1F38740A00B7D1F3 /* Models */ = {
			isa = PBXGroup;
			children = (
				D96719E922650945007563BE /* Launches.swift */,
				D96719EB22650A02007563BE /* Launch.swift */,
				D9BCD1FE2275CB0B0095ADBB /* Launches+RawCellData.swift */,
				D9BCD20F227618E90095ADBB /* Missions.swift */,
				D9BCD2112276191F0095ADBB /* Mission.swift */,
			);
			path = Models;
			sourceTree = "<group>";
		};
		2AB31D9F1F38741400B7D1F3 /* Modules */ = {
			isa = PBXGroup;
			children = (
				D9BCD21922762BB10095ADBB /* Launch */,
				D9BCD2062275F4FB0095ADBB /* Missions */,
				D96719D72264FDCB007563BE /* Launches */,
				2A1DD4E21F38A09700712195 /* Launch */,
			);
			path = Modules;
			sourceTree = "<group>";
		};
		2AB31DA01F38742400B7D1F3 /* Fonts */ = {
			isa = PBXGroup;
			children = (
			);
			path = Fonts;
			sourceTree = "<group>";
		};
		2AB31DA11F38742A00B7D1F3 /* Translations */ = {
			isa = PBXGroup;
			children = (
				FCB2C7CA1F57127800481080 /* Localizable.strings */,
			);
			path = Translations;
			sourceTree = "<group>";
		};
		2AB31DA21F38744600B7D1F3 /* Protocols */ = {
			isa = PBXGroup;
			children = (
				D96719DA2264FEA7007563BE /* LaunchesRouterDelegate.swift */,
			);
			path = Protocols;
			sourceTree = "<group>";
		};
		2AB31DA31F38744C00B7D1F3 /* Utilities */ = {
			isa = PBXGroup;
			children = (
				2ABEE6D51F3886D700531205 /* RootRouter.swift */,
				2A9222811F38797600A648E6 /* ConfigurationManager.swift */,
				2A1DD4DE1F389C2200712195 /* DeeplinkHandler.swift */,
				2A1DD4E01F389E2100712195 /* NotificationsHandler.swift */,
			);
			path = Utilities;
			sourceTree = "<group>";
		};
		2AB31DA41F38745300B7D1F3 /* Extensions */ = {
			isa = PBXGroup;
			children = (
				D96719DC22650028007563BE /* RootRouter+Launches.swift */,
			);
			path = Extensions;
			sourceTree = "<group>";
		};
		2AFB31021F3853C6009C4586 /* Resources */ = {
			isa = PBXGroup;
			children = (
				553FC239214046D0001D9362 /* Generated */,
				2AB31DA11F38742A00B7D1F3 /* Translations */,
				2AB31DA01F38742400B7D1F3 /* Fonts */,
				2AFB31031F3853D9009C4586 /* Images */,
			);
			path = Resources;
			sourceTree = "<group>";
		};
		2AFB31031F3853D9009C4586 /* Images */ = {
			isa = PBXGroup;
			children = (
				2A1E773D1F384BFD006C84D4 /* Assets.xcassets */,
			);
			path = Images;
			sourceTree = "<group>";
		};
		2AFB31071F38542E009C4586 /* SupportingFiles */ = {
			isa = PBXGroup;
			children = (
				2ABEE6D31F38828A00531205 /* Configuration.plist */,
				2A1E77421F384BFD006C84D4 /* Info.plist */,
			);
			path = SupportingFiles;
			sourceTree = "<group>";
		};
		2AFB310A1F385A20009C4586 /* Helpers */ = {
			isa = PBXGroup;
			children = (
				2AB31DA21F38744600B7D1F3 /* Protocols */,
				2AB31DA41F38745300B7D1F3 /* Extensions */,
				2AB31DA31F38744C00B7D1F3 /* Utilities */,
			);
			path = Helpers;
			sourceTree = "<group>";
		};
		553FC239214046D0001D9362 /* Generated */ = {
			isa = PBXGroup;
			children = (
				553FC23B214047CB001D9362 /* R.generated.swift */,
			);
			path = Generated;
			sourceTree = "<group>";
		};
		7A25389D4BB3A6377608D3DA /* Frameworks */ = {
			isa = PBXGroup;
			children = (
				AF227E76BBEF7D0CAD303AE3 /* Pods_AdAstra.framework */,
				35B4FEDDC7E033E9B6343767 /* Pods_AdAstraTests.framework */,
			);
			name = Frameworks;
			sourceTree = "<group>";
		};
		D96719D72264FDCB007563BE /* Launches */ = {
			isa = PBXGroup;
			children = (
				D96719D82264FE78007563BE /* LaunchesRouter.swift */,
				D96719DE226504BF007563BE /* LaunchesTableViewController.swift */,
				D96719E02265051F007563BE /* LaunchesPresenter.swift */,
				D96719E222650630007563BE /* LaunchesInteractorImplementation.swift */,
				F204F57B226E4B0E00C85091 /* LaunchesURLBuilder.swift */,
				F204F589226E5ABE00C85091 /* Cells */,
				F204F583226E57AC00C85091 /* Launch+CellItem.swift */,
			);
			path = Launches;
			sourceTree = "<group>";
		};
		D96719E42265088C007563BE /* DataServices */ = {
			isa = PBXGroup;
			children = (
				D96719E7226508E3007563BE /* LaunchesDataService.swift */,
				D96719ED22650AC2007563BE /* CommonDataService.swift */,
			);
			name = DataServices;
			path = "New Group";
			sourceTree = "<group>";
		};
		D9BCD1FB227597CA0095ADBB /* Base Classes */ = {
			isa = PBXGroup;
			children = (
				F204F58A226E5AEF00C85091 /* LoadingCellItem.swift */,
				F204F585226E586C00C85091 /* ConfigurableCell.swift */,
				D9BCD1FC227598540095ADBB /* CellItem.swift */,
				D9BCD2002275CF840095ADBB /* CellDataSource.swift */,
				D9BCD2022275D0BA0095ADBB /* InfiniteCellItemDataSource.swift */,
				D9BCD2042275D1EF0095ADBB /* RawCellData.swift */,
				D9BCD22422776A8D0095ADBB /* BaseTableViewController.swift */,
			);
			path = "Base Classes";
			sourceTree = "<group>";
		};
		D9BCD2062275F4FB0095ADBB /* Missions */ = {
			isa = PBXGroup;
			children = (
				D9BCD21522761B1F0095ADBB /* MissionsRouter.swift */,
				D9BCD2072275F5200095ADBB /* MissionTableViewController.swift */,
				D9BCD2092275F5210095ADBB /* MissionPresenter.swift */,
				D9BCD20A2275F5210095ADBB /* MissionsInteractorImplementation.swift */,
				D9BCD20B2275F5210095ADBB /* MissionsURLBuilder.swift */,
			);
			path = Missions;
			sourceTree = "<group>";
		};
		D9BCD21922762BB10095ADBB /* Launch */ = {
			isa = PBXGroup;
			children = (
				D9BCD21A22762BC90095ADBB /* LaunchRouter.swift */,
				D9BCD21C22762D360095ADBB /* LaunchTableViewController.swift */,
				D9BCD21E22762DC90095ADBB /* LaunchPresenter.swift */,
				D9BCD22022762E0E0095ADBB /* LaunchInteractor.swift */,
				D9BCD22222762EE30095ADBB /* LaunchURLBuilder.swift */,
			);
			name = Launch;
			path = "New Group";
			sourceTree = "<group>";
		};
		F204F589226E5ABE00C85091 /* Cells */ = {
			isa = PBXGroup;
			children = (
				F204F57F226E554E00C85091 /* LaunchCellTableViewCell.swift */,
				F204F580226E554E00C85091 /* LaunchCellTableViewCell.xib */,
				F204F58C226E5B2300C85091 /* LoadingTableViewCell.swift */,
				F204F58D226E5B2300C85091 /* LoadingTableViewCell.xib */,
			);
			path = Cells;
			sourceTree = "<group>";
		};
/* End PBXGroup section */

/* Begin PBXNativeTarget section */
		2A1E77321F384BFC006C84D4 /* AdAstra */ = {
			isa = PBXNativeTarget;
			buildConfigurationList = 2A1E77501F384BFD006C84D4 /* Build configuration list for PBXNativeTarget "AdAstra" */;
			buildPhases = (
				2F6982A13456F2FD88EBBB2E /* [CP] Check Pods Manifest.lock */,
				553FC23A2140470C001D9362 /* R.swift */,
				2A1E772F1F384BFC006C84D4 /* Sources */,
				FC9CA61F1F83C1B700B8EB94 /* SwiftLint */,
				2A1E77301F384BFC006C84D4 /* Frameworks */,
				2A1E77311F384BFC006C84D4 /* Resources */,
				4C627E5B66B5DCE671974201 /* [CP] Embed Pods Frameworks */,
			);
			buildRules = (
			);
			dependencies = (
			);
			name = AdAstra;
			productName = AdAstra;
			productReference = 2A1E77331F384BFC006C84D4 /* AdAstra.app */;
			productType = "com.apple.product-type.application";
		};
		2A1E77461F384BFD006C84D4 /* AdAstraTests */ = {
			isa = PBXNativeTarget;
			buildConfigurationList = 2A1E77531F384BFD006C84D4 /* Build configuration list for PBXNativeTarget "AdAstraTests" */;
			buildPhases = (
				981169C1E58BC3123A299AC2 /* [CP] Check Pods Manifest.lock */,
				2A1E77431F384BFD006C84D4 /* Sources */,
				2A1E77441F384BFD006C84D4 /* Frameworks */,
				2A1E77451F384BFD006C84D4 /* Resources */,
			);
			buildRules = (
			);
			dependencies = (
				2A1E77491F384BFD006C84D4 /* PBXTargetDependency */,
			);
			name = AdAstraTests;
			productName = AdAstraTests;
			productReference = 2A1E77471F384BFD006C84D4 /* AdAstraTests.xctest */;
			productType = "com.apple.product-type.bundle.unit-test";
		};
/* End PBXNativeTarget section */

/* Begin PBXProject section */
		2A1E772B1F384BFC006C84D4 /* Project object */ = {
			isa = PBXProject;
			attributes = {
				LastSwiftUpdateCheck = 0900;
				LastUpgradeCheck = 0900;
				ORGANIZATIONNAME = ovt;
				TargetAttributes = {
					2A1E77321F384BFC006C84D4 = {
						CreatedOnToolsVersion = 9.0;
					};
					2A1E77461F384BFD006C84D4 = {
						CreatedOnToolsVersion = 9.0;
						LastSwiftMigration = 0900;
						TestTargetID = 2A1E77321F384BFC006C84D4;
					};
				};
			};
			buildConfigurationList = 2A1E772E1F384BFC006C84D4 /* Build configuration list for PBXProject "AdAstra" */;
			compatibilityVersion = "Xcode 8.0";
			developmentRegion = en;
			hasScannedForEncodings = 0;
			knownRegions = (
				en,
				Base,
			);
			mainGroup = 2A1E772A1F384BFC006C84D4;
			productRefGroup = 2A1E77341F384BFC006C84D4 /* Products */;
			projectDirPath = "";
			projectRoot = "";
			targets = (
				2A1E77321F384BFC006C84D4 /* AdAstra */,
				2A1E77461F384BFD006C84D4 /* AdAstraTests */,
			);
		};
/* End PBXProject section */

/* Begin PBXResourcesBuildPhase section */
		2A1E77311F384BFC006C84D4 /* Resources */ = {
			isa = PBXResourcesBuildPhase;
			buildActionMask = 2147483647;
			files = (
				F204F58F226E5B2300C85091 /* LoadingTableViewCell.xib in Resources */,
				2ABEE6D41F38856A00531205 /* Configuration.plist in Resources */,
				FCB2C7CB1F57127800481080 /* Localizable.strings in Resources */,
				2A1E77411F384BFD006C84D4 /* LaunchScreen.storyboard in Resources */,
				2A1E773E1F384BFD006C84D4 /* Assets.xcassets in Resources */,
				F204F582226E554E00C85091 /* LaunchCellTableViewCell.xib in Resources */,
			);
			runOnlyForDeploymentPostprocessing = 0;
		};
		2A1E77451F384BFD006C84D4 /* Resources */ = {
			isa = PBXResourcesBuildPhase;
			buildActionMask = 2147483647;
			files = (
			);
			runOnlyForDeploymentPostprocessing = 0;
		};
/* End PBXResourcesBuildPhase section */

/* Begin PBXShellScriptBuildPhase section */
		2F6982A13456F2FD88EBBB2E /* [CP] Check Pods Manifest.lock */ = {
			isa = PBXShellScriptBuildPhase;
			buildActionMask = 2147483647;
			files = (
			);
			inputFileListPaths = (
			);
			inputPaths = (
				"${PODS_PODFILE_DIR_PATH}/Podfile.lock",
				"${PODS_ROOT}/Manifest.lock",
			);
			name = "[CP] Check Pods Manifest.lock";
			outputFileListPaths = (
			);
			outputPaths = (
				"$(DERIVED_FILE_DIR)/Pods-AdAstra-checkManifestLockResult.txt",
			);
			runOnlyForDeploymentPostprocessing = 0;
			shellPath = /bin/sh;
			shellScript = "diff \"${PODS_PODFILE_DIR_PATH}/Podfile.lock\" \"${PODS_ROOT}/Manifest.lock\" > /dev/null\nif [ $? != 0 ] ; then\n    # print error to STDERR\n    echo \"error: The sandbox is not in sync with the Podfile.lock. Run 'pod install' or update your CocoaPods installation.\" >&2\n    exit 1\nfi\n# This output is used by Xcode 'outputs' to avoid re-running this script phase.\necho \"SUCCESS\" > \"${SCRIPT_OUTPUT_FILE_0}\"\n";
			showEnvVarsInLog = 0;
		};
		4C627E5B66B5DCE671974201 /* [CP] Embed Pods Frameworks */ = {
			isa = PBXShellScriptBuildPhase;
			buildActionMask = 2147483647;
			files = (
			);
			inputFileListPaths = (
			);
			inputPaths = (
				"${SRCROOT}/Pods/Target Support Files/Pods-AdAstra/Pods-AdAstra-frameworks.sh",
				"${BUILT_PRODUCTS_DIR}/R.swift.Library/Rswift.framework",
			);
			name = "[CP] Embed Pods Frameworks";
			outputFileListPaths = (
			);
			outputPaths = (
				"${TARGET_BUILD_DIR}/${FRAMEWORKS_FOLDER_PATH}/Rswift.framework",
			);
			runOnlyForDeploymentPostprocessing = 0;
			shellPath = /bin/sh;
			shellScript = "\"${SRCROOT}/Pods/Target Support Files/Pods-AdAstra/Pods-AdAstra-frameworks.sh\"\n";
			showEnvVarsInLog = 0;
		};
		553FC23A2140470C001D9362 /* R.swift */ = {
			isa = PBXShellScriptBuildPhase;
			buildActionMask = 2147483647;
			files = (
			);
			inputPaths = (
				"$TEMP_DIR/rswift-lastrun",
			);
			name = R.swift;
			outputPaths = (
				$SRCROOT/AdAstra/Resources/Generated/R.generated.swift,
			);
			runOnlyForDeploymentPostprocessing = 0;
			shellPath = /bin/sh;
			shellScript = "\"$PODS_ROOT/R.swift/rswift\" generate \"$SRCROOT/AdAstra/Resources/Generated/R.generated.swift\"\n";
		};
		981169C1E58BC3123A299AC2 /* [CP] Check Pods Manifest.lock */ = {
			isa = PBXShellScriptBuildPhase;
			buildActionMask = 2147483647;
			files = (
			);
			inputFileListPaths = (
			);
			inputPaths = (
				"${PODS_PODFILE_DIR_PATH}/Podfile.lock",
				"${PODS_ROOT}/Manifest.lock",
			);
			name = "[CP] Check Pods Manifest.lock";
			outputFileListPaths = (
			);
			outputPaths = (
				"$(DERIVED_FILE_DIR)/Pods-AdAstraTests-checkManifestLockResult.txt",
			);
			runOnlyForDeploymentPostprocessing = 0;
			shellPath = /bin/sh;
			shellScript = "diff \"${PODS_PODFILE_DIR_PATH}/Podfile.lock\" \"${PODS_ROOT}/Manifest.lock\" > /dev/null\nif [ $? != 0 ] ; then\n    # print error to STDERR\n    echo \"error: The sandbox is not in sync with the Podfile.lock. Run 'pod install' or update your CocoaPods installation.\" >&2\n    exit 1\nfi\n# This output is used by Xcode 'outputs' to avoid re-running this script phase.\necho \"SUCCESS\" > \"${SCRIPT_OUTPUT_FILE_0}\"\n";
			showEnvVarsInLog = 0;
		};
		FC9CA61F1F83C1B700B8EB94 /* SwiftLint */ = {
			isa = PBXShellScriptBuildPhase;
			buildActionMask = 2147483647;
			files = (
			);
			inputPaths = (
			);
			name = SwiftLint;
			outputPaths = (
			);
			runOnlyForDeploymentPostprocessing = 0;
			shellPath = /bin/sh;
			shellScript = "${PODS_ROOT}/SwiftLint/swiftlint";
		};
/* End PBXShellScriptBuildPhase section */

/* Begin PBXSourcesBuildPhase section */
		2A1E772F1F384BFC006C84D4 /* Sources */ = {
			isa = PBXSourcesBuildPhase;
			buildActionMask = 2147483647;
			files = (
				2A9222821F38797600A648E6 /* ConfigurationManager.swift in Sources */,
				2ABEE6D61F3886D700531205 /* RootRouter.swift in Sources */,
				D96719DF226504BF007563BE /* LaunchesTableViewController.swift in Sources */,
				D96719DD22650028007563BE /* RootRouter+Launches.swift in Sources */,
				D9BCD20D2276189A0095ADBB /* MissionPresenter.swift in Sources */,
				C90395241FC622D2006F1DC0 /* main.swift in Sources */,
				D96719E322650630007563BE /* LaunchesInteractorImplementation.swift in Sources */,
				D9BCD21622761B1F0095ADBB /* MissionsRouter.swift in Sources */,
				2A1E77371F384BFC006C84D4 /* AppDelegate.swift in Sources */,
				D9BCD2032275D0BA0095ADBB /* InfiniteCellItemDataSource.swift in Sources */,
				F204F57C226E4B0E00C85091 /* LaunchesURLBuilder.swift in Sources */,
				D9BCD1FD227598540095ADBB /* CellItem.swift in Sources */,
				D9BCD21D22762D360095ADBB /* LaunchTableViewController.swift in Sources */,
				D96719DB2264FEA7007563BE /* LaunchesRouterDelegate.swift in Sources */,
				553FC23C214047CB001D9362 /* R.generated.swift in Sources */,
				F204F58E226E5B2300C85091 /* LoadingTableViewCell.swift in Sources */,
				F204F586226E586C00C85091 /* ConfigurableCell.swift in Sources */,
				F204F581226E554E00C85091 /* LaunchCellTableViewCell.swift in Sources */,
				D9BCD21422761A610095ADBB /* MissionTableViewController.swift in Sources */,
				D9BCD21B22762BC90095ADBB /* LaunchRouter.swift in Sources */,
				D9BCD2012275CF840095ADBB /* CellDataSource.swift in Sources */,
				C90395271FC62425006F1DC0 /* TestsAppDelegate.swift in Sources */,
				F204F58B226E5AEF00C85091 /* LoadingCellItem.swift in Sources */,
				D9BCD22322762EE30095ADBB /* LaunchURLBuilder.swift in Sources */,
				D9BCD22522776A8D0095ADBB /* BaseTableViewController.swift in Sources */,
				D96719EC22650A02007563BE /* Launch.swift in Sources */,
				D9BCD210227618E90095ADBB /* Missions.swift in Sources */,
				2A1DD4E11F389E2100712195 /* NotificationsHandler.swift in Sources */,
				D96719EE22650AC2007563BE /* CommonDataService.swift in Sources */,
				D9BCD213227619550095ADBB /* MissionsURLBuilder.swift in Sources */,
				D9BCD2052275D1EF0095ADBB /* RawCellData.swift in Sources */,
				D96719D92264FE78007563BE /* LaunchesRouter.swift in Sources */,
				D96719EA22650945007563BE /* Launches.swift in Sources */,
				F204F584226E57AC00C85091 /* Launch+CellItem.swift in Sources */,
				D9BCD1FF2275CB0B0095ADBB /* Launches+RawCellData.swift in Sources */,
				D9BCD21F22762DC90095ADBB /* LaunchPresenter.swift in Sources */,
				D96719E12265051F007563BE /* LaunchesPresenter.swift in Sources */,
				D9BCD2122276191F0095ADBB /* Mission.swift in Sources */,
				D9BCD20C227618780095ADBB /* MissionsInteractorImplementation.swift in Sources */,
				2A1DD4DF1F389C2200712195 /* DeeplinkHandler.swift in Sources */,
				D96719E8226508E3007563BE /* LaunchesDataService.swift in Sources */,
				D9BCD22122762E0E0095ADBB /* LaunchInteractor.swift in Sources */,
			);
			runOnlyForDeploymentPostprocessing = 0;
		};
		2A1E77431F384BFD006C84D4 /* Sources */ = {
			isa = PBXSourcesBuildPhase;
			buildActionMask = 2147483647;
			files = (
				C90395261FC62399006F1DC0 /* TestsAppDelegate.swift in Sources */,
			);
			runOnlyForDeploymentPostprocessing = 0;
		};
/* End PBXSourcesBuildPhase section */

/* Begin PBXTargetDependency section */
		2A1E77491F384BFD006C84D4 /* PBXTargetDependency */ = {
			isa = PBXTargetDependency;
			target = 2A1E77321F384BFC006C84D4 /* AdAstra */;
			targetProxy = 2A1E77481F384BFD006C84D4 /* PBXContainerItemProxy */;
		};
/* End PBXTargetDependency section */

/* Begin PBXVariantGroup section */
		2A1E773F1F384BFD006C84D4 /* LaunchScreen.storyboard */ = {
			isa = PBXVariantGroup;
			children = (
				2A1E77401F384BFD006C84D4 /* Base */,
			);
			name = LaunchScreen.storyboard;
			sourceTree = "<group>";
		};
/* End PBXVariantGroup section */

/* Begin XCBuildConfiguration section */
		2A1E774E1F384BFD006C84D4 /* Debug */ = {
			isa = XCBuildConfiguration;
			buildSettings = {
				ALWAYS_SEARCH_USER_PATHS = NO;
				CLANG_ANALYZER_NONNULL = YES;
				CLANG_ANALYZER_NUMBER_OBJECT_CONVERSION = YES_AGGRESSIVE;
				CLANG_CXX_LANGUAGE_STANDARD = "gnu++14";
				CLANG_CXX_LIBRARY = "libc++";
				CLANG_ENABLE_MODULES = YES;
				CLANG_ENABLE_OBJC_ARC = YES;
				CLANG_WARN_BLOCK_CAPTURE_AUTORELEASING = YES;
				CLANG_WARN_BOOL_CONVERSION = YES;
				CLANG_WARN_COMMA = YES;
				CLANG_WARN_CONSTANT_CONVERSION = YES;
				CLANG_WARN_DEPRECATED_OBJC_IMPLEMENTATIONS = YES;
				CLANG_WARN_DIRECT_OBJC_ISA_USAGE = YES_ERROR;
				CLANG_WARN_DOCUMENTATION_COMMENTS = YES;
				CLANG_WARN_EMPTY_BODY = YES;
				CLANG_WARN_ENUM_CONVERSION = YES;
				CLANG_WARN_INFINITE_RECURSION = YES;
				CLANG_WARN_INT_CONVERSION = YES;
				CLANG_WARN_NON_LITERAL_NULL_CONVERSION = YES;
				CLANG_WARN_OBJC_IMPLICIT_RETAIN_SELF = YES;
				CLANG_WARN_OBJC_LITERAL_CONVERSION = YES;
				CLANG_WARN_OBJC_ROOT_CLASS = YES_ERROR;
				CLANG_WARN_RANGE_LOOP_ANALYSIS = YES;
				CLANG_WARN_STRICT_PROTOTYPES = YES;
				CLANG_WARN_SUSPICIOUS_MOVE = YES;
				CLANG_WARN_UNGUARDED_AVAILABILITY = YES_AGGRESSIVE;
				CLANG_WARN_UNREACHABLE_CODE = YES;
				CLANG_WARN__DUPLICATE_METHOD_MATCH = YES;
				CODE_SIGN_IDENTITY = "iPhone Developer";
				COPY_PHASE_STRIP = NO;
				DEBUG_INFORMATION_FORMAT = dwarf;
				ENABLE_STRICT_OBJC_MSGSEND = YES;
				ENABLE_TESTABILITY = YES;
				GCC_C_LANGUAGE_STANDARD = gnu11;
				GCC_DYNAMIC_NO_PIC = NO;
				GCC_NO_COMMON_BLOCKS = YES;
				GCC_OPTIMIZATION_LEVEL = 0;
				GCC_PREPROCESSOR_DEFINITIONS = (
					"DEBUG=1",
					"$(inherited)",
				);
				GCC_WARN_64_TO_32_BIT_CONVERSION = YES;
				GCC_WARN_ABOUT_RETURN_TYPE = YES_ERROR;
				GCC_WARN_UNDECLARED_SELECTOR = YES;
				GCC_WARN_UNINITIALIZED_AUTOS = YES_AGGRESSIVE;
				GCC_WARN_UNUSED_FUNCTION = YES;
				GCC_WARN_UNUSED_VARIABLE = YES;
				IPHONEOS_DEPLOYMENT_TARGET = 11.0;
				MTL_ENABLE_DEBUG_INFO = YES;
				ONLY_ACTIVE_ARCH = YES;
				SDKROOT = iphoneos;
				SWIFT_ACTIVE_COMPILATION_CONDITIONS = DEBUG;
				SWIFT_OPTIMIZATION_LEVEL = "-Onone";
				SWIFT_VERSION = 4.2;
			};
			name = Debug;
		};
		2A1E774F1F384BFD006C84D4 /* Release */ = {
			isa = XCBuildConfiguration;
			buildSettings = {
				ALWAYS_SEARCH_USER_PATHS = NO;
				CLANG_ANALYZER_NONNULL = YES;
				CLANG_ANALYZER_NUMBER_OBJECT_CONVERSION = YES_AGGRESSIVE;
				CLANG_CXX_LANGUAGE_STANDARD = "gnu++14";
				CLANG_CXX_LIBRARY = "libc++";
				CLANG_ENABLE_MODULES = YES;
				CLANG_ENABLE_OBJC_ARC = YES;
				CLANG_WARN_BLOCK_CAPTURE_AUTORELEASING = YES;
				CLANG_WARN_BOOL_CONVERSION = YES;
				CLANG_WARN_COMMA = YES;
				CLANG_WARN_CONSTANT_CONVERSION = YES;
				CLANG_WARN_DEPRECATED_OBJC_IMPLEMENTATIONS = YES;
				CLANG_WARN_DIRECT_OBJC_ISA_USAGE = YES_ERROR;
				CLANG_WARN_DOCUMENTATION_COMMENTS = YES;
				CLANG_WARN_EMPTY_BODY = YES;
				CLANG_WARN_ENUM_CONVERSION = YES;
				CLANG_WARN_INFINITE_RECURSION = YES;
				CLANG_WARN_INT_CONVERSION = YES;
				CLANG_WARN_NON_LITERAL_NULL_CONVERSION = YES;
				CLANG_WARN_OBJC_IMPLICIT_RETAIN_SELF = YES;
				CLANG_WARN_OBJC_LITERAL_CONVERSION = YES;
				CLANG_WARN_OBJC_ROOT_CLASS = YES_ERROR;
				CLANG_WARN_RANGE_LOOP_ANALYSIS = YES;
				CLANG_WARN_STRICT_PROTOTYPES = YES;
				CLANG_WARN_SUSPICIOUS_MOVE = YES;
				CLANG_WARN_UNGUARDED_AVAILABILITY = YES_AGGRESSIVE;
				CLANG_WARN_UNREACHABLE_CODE = YES;
				CLANG_WARN__DUPLICATE_METHOD_MATCH = YES;
				CODE_SIGN_IDENTITY = "iPhone Developer";
				COPY_PHASE_STRIP = NO;
				DEBUG_INFORMATION_FORMAT = "dwarf-with-dsym";
				ENABLE_NS_ASSERTIONS = NO;
				ENABLE_STRICT_OBJC_MSGSEND = YES;
				GCC_C_LANGUAGE_STANDARD = gnu11;
				GCC_NO_COMMON_BLOCKS = YES;
				GCC_WARN_64_TO_32_BIT_CONVERSION = YES;
				GCC_WARN_ABOUT_RETURN_TYPE = YES_ERROR;
				GCC_WARN_UNDECLARED_SELECTOR = YES;
				GCC_WARN_UNINITIALIZED_AUTOS = YES_AGGRESSIVE;
				GCC_WARN_UNUSED_FUNCTION = YES;
				GCC_WARN_UNUSED_VARIABLE = YES;
				IPHONEOS_DEPLOYMENT_TARGET = 11.0;
				MTL_ENABLE_DEBUG_INFO = NO;
				SDKROOT = iphoneos;
				SWIFT_OPTIMIZATION_LEVEL = "-Owholemodule";
				SWIFT_VERSION = 4.2;
				VALIDATE_PRODUCT = YES;
			};
			name = Release;
		};
		2A1E77511F384BFD006C84D4 /* Debug */ = {
			isa = XCBuildConfiguration;
			baseConfigurationReference = 01A437CBFABFF5774461FCA0 /* Pods-AdAstra.debug.xcconfig */;
			buildSettings = {
				ASSETCATALOG_COMPILER_APPICON_NAME = AppIcon;
				DEVELOPMENT_TEAM = FEM5E9C5MW;
				INFOPLIST_FILE = AdAstra/SupportingFiles/Info.plist;
				IPHONEOS_DEPLOYMENT_TARGET = 11.0;
				LD_RUNPATH_SEARCH_PATHS = "$(inherited) @executable_path/Frameworks";
				OTHER_SWIFT_FLAGS = "$(inherited) -Xfrontend -warn-long-expression-type-checking=500";
				PRODUCT_BUNDLE_IDENTIFIER = com.tiurenkov.adastra;
				PRODUCT_NAME = "$(TARGET_NAME)";
				SWIFT_VERSION = 4.2;
				TARGETED_DEVICE_FAMILY = 1;
			};
			name = Debug;
		};
		2A1E77521F384BFD006C84D4 /* Release */ = {
			isa = XCBuildConfiguration;
			baseConfigurationReference = 2E1EB9DC7172ED62EBE6EBE1 /* Pods-AdAstra.release.xcconfig */;
			buildSettings = {
				ASSETCATALOG_COMPILER_APPICON_NAME = AppIcon;
				DEVELOPMENT_TEAM = FEM5E9C5MW;
				INFOPLIST_FILE = AdAstra/SupportingFiles/Info.plist;
				IPHONEOS_DEPLOYMENT_TARGET = 11.0;
				LD_RUNPATH_SEARCH_PATHS = "$(inherited) @executable_path/Frameworks";
				OTHER_SWIFT_FLAGS = "$(inherited)";
				PRODUCT_BUNDLE_IDENTIFIER = com.tiurenkov.adastra;
				PRODUCT_NAME = "$(TARGET_NAME)";
				SWIFT_VERSION = 4.2;
				TARGETED_DEVICE_FAMILY = 1;
			};
			name = Release;
		};
		2A1E77541F384BFD006C84D4 /* Debug */ = {
			isa = XCBuildConfiguration;
			baseConfigurationReference = 35ED811E1243AEF0C986F821 /* Pods-AdAstraTests.debug.xcconfig */;
			buildSettings = {
				ALWAYS_EMBED_SWIFT_STANDARD_LIBRARIES = YES;
				BUNDLE_LOADER = "$(TEST_HOST)";
				CLANG_ENABLE_MODULES = YES;
				INFOPLIST_FILE = AdAstraTests/Info.plist;
				LD_RUNPATH_SEARCH_PATHS = "$(inherited) @executable_path/Frameworks @loader_path/Frameworks";
				PRODUCT_BUNDLE_IDENTIFIER = "";
				PRODUCT_NAME = "$(TARGET_NAME)";
				SWIFT_OBJC_BRIDGING_HEADER = "AdAstraTests/AdAstraTests-Bridging-Header.h";
				SWIFT_OPTIMIZATION_LEVEL = "-Onone";
				SWIFT_VERSION = 5.0;
				TARGETED_DEVICE_FAMILY = "1,2";
				TEST_HOST = "$(BUILT_PRODUCTS_DIR)/AdAstra.app/AdAstra";
			};
			name = Debug;
		};
		2A1E77551F384BFD006C84D4 /* Release */ = {
			isa = XCBuildConfiguration;
			baseConfigurationReference = 381E165001F1DFB8C62FA5A1 /* Pods-AdAstraTests.release.xcconfig */;
			buildSettings = {
				ALWAYS_EMBED_SWIFT_STANDARD_LIBRARIES = YES;
				BUNDLE_LOADER = "$(TEST_HOST)";
				CLANG_ENABLE_MODULES = YES;
				INFOPLIST_FILE = AdAstraTests/Info.plist;
				LD_RUNPATH_SEARCH_PATHS = "$(inherited) @executable_path/Frameworks @loader_path/Frameworks";
				PRODUCT_BUNDLE_IDENTIFIER = "";
				PRODUCT_NAME = "$(TARGET_NAME)";
				SWIFT_OBJC_BRIDGING_HEADER = "AdAstraTests/AdAstraTests-Bridging-Header.h";
				SWIFT_VERSION = 5.0;
				TARGETED_DEVICE_FAMILY = "1,2";
				TEST_HOST = "$(BUILT_PRODUCTS_DIR)/AdAstra.app/AdAstra";
			};
			name = Release;
		};
		2ABEE6CF1F387C5D00531205 /* Staging */ = {
			isa = XCBuildConfiguration;
			buildSettings = {
				ALWAYS_SEARCH_USER_PATHS = NO;
				CLANG_ANALYZER_NONNULL = YES;
				CLANG_ANALYZER_NUMBER_OBJECT_CONVERSION = YES_AGGRESSIVE;
				CLANG_CXX_LANGUAGE_STANDARD = "gnu++14";
				CLANG_CXX_LIBRARY = "libc++";
				CLANG_ENABLE_MODULES = YES;
				CLANG_ENABLE_OBJC_ARC = YES;
				CLANG_WARN_BLOCK_CAPTURE_AUTORELEASING = YES;
				CLANG_WARN_BOOL_CONVERSION = YES;
				CLANG_WARN_COMMA = YES;
				CLANG_WARN_CONSTANT_CONVERSION = YES;
				CLANG_WARN_DEPRECATED_OBJC_IMPLEMENTATIONS = YES;
				CLANG_WARN_DIRECT_OBJC_ISA_USAGE = YES_ERROR;
				CLANG_WARN_DOCUMENTATION_COMMENTS = YES;
				CLANG_WARN_EMPTY_BODY = YES;
				CLANG_WARN_ENUM_CONVERSION = YES;
				CLANG_WARN_INFINITE_RECURSION = YES;
				CLANG_WARN_INT_CONVERSION = YES;
				CLANG_WARN_NON_LITERAL_NULL_CONVERSION = YES;
				CLANG_WARN_OBJC_IMPLICIT_RETAIN_SELF = YES;
				CLANG_WARN_OBJC_LITERAL_CONVERSION = YES;
				CLANG_WARN_OBJC_ROOT_CLASS = YES_ERROR;
				CLANG_WARN_RANGE_LOOP_ANALYSIS = YES;
				CLANG_WARN_STRICT_PROTOTYPES = YES;
				CLANG_WARN_SUSPICIOUS_MOVE = YES;
				CLANG_WARN_UNGUARDED_AVAILABILITY = YES_AGGRESSIVE;
				CLANG_WARN_UNREACHABLE_CODE = YES;
				CLANG_WARN__DUPLICATE_METHOD_MATCH = YES;
				CODE_SIGN_IDENTITY = "iPhone Developer";
				COPY_PHASE_STRIP = NO;
				DEBUG_INFORMATION_FORMAT = dwarf;
				ENABLE_STRICT_OBJC_MSGSEND = YES;
				ENABLE_TESTABILITY = YES;
				GCC_C_LANGUAGE_STANDARD = gnu11;
				GCC_DYNAMIC_NO_PIC = NO;
				GCC_NO_COMMON_BLOCKS = YES;
				GCC_OPTIMIZATION_LEVEL = 0;
				GCC_PREPROCESSOR_DEFINITIONS = (
					"DEBUG=1",
					"$(inherited)",
				);
				GCC_WARN_64_TO_32_BIT_CONVERSION = YES;
				GCC_WARN_ABOUT_RETURN_TYPE = YES_ERROR;
				GCC_WARN_UNDECLARED_SELECTOR = YES;
				GCC_WARN_UNINITIALIZED_AUTOS = YES_AGGRESSIVE;
				GCC_WARN_UNUSED_FUNCTION = YES;
				GCC_WARN_UNUSED_VARIABLE = YES;
				IPHONEOS_DEPLOYMENT_TARGET = 11.0;
				MTL_ENABLE_DEBUG_INFO = YES;
				ONLY_ACTIVE_ARCH = YES;
				SDKROOT = iphoneos;
				SWIFT_ACTIVE_COMPILATION_CONDITIONS = DEBUG;
				SWIFT_OPTIMIZATION_LEVEL = "-Onone";
				SWIFT_VERSION = 4.2;
			};
			name = Staging;
		};
		2ABEE6D01F387C5D00531205 /* Staging */ = {
			isa = XCBuildConfiguration;
			baseConfigurationReference = 4DE257C7B3AD004165A3B1A5 /* Pods-AdAstra.staging.xcconfig */;
			buildSettings = {
				ASSETCATALOG_COMPILER_APPICON_NAME = AppIcon;
				DEVELOPMENT_TEAM = FEM5E9C5MW;
				INFOPLIST_FILE = AdAstra/SupportingFiles/Info.plist;
				IPHONEOS_DEPLOYMENT_TARGET = 11.0;
				LD_RUNPATH_SEARCH_PATHS = "$(inherited) @executable_path/Frameworks";
				OTHER_SWIFT_FLAGS = "$(inherited)";
				PRODUCT_BUNDLE_IDENTIFIER = com.tiurenkov.adastra;
				PRODUCT_NAME = "$(TARGET_NAME)";
				SWIFT_VERSION = 4.2;
				TARGETED_DEVICE_FAMILY = 1;
			};
			name = Staging;
		};
		2ABEE6D11F387C5D00531205 /* Staging */ = {
			isa = XCBuildConfiguration;
			baseConfigurationReference = 6141106D23652531A4EB77FA /* Pods-AdAstraTests.staging.xcconfig */;
			buildSettings = {
				ALWAYS_EMBED_SWIFT_STANDARD_LIBRARIES = YES;
				BUNDLE_LOADER = "$(TEST_HOST)";
				CLANG_ENABLE_MODULES = YES;
				INFOPLIST_FILE = AdAstraTests/Info.plist;
				LD_RUNPATH_SEARCH_PATHS = "$(inherited) @executable_path/Frameworks @loader_path/Frameworks";
				PRODUCT_BUNDLE_IDENTIFIER = "";
				PRODUCT_NAME = "$(TARGET_NAME)";
				SWIFT_OBJC_BRIDGING_HEADER = "AdAstraTests/AdAstraTests-Bridging-Header.h";
				SWIFT_OPTIMIZATION_LEVEL = "-Onone";
				SWIFT_VERSION = 5.0;
				TARGETED_DEVICE_FAMILY = "1,2";
				TEST_HOST = "$(BUILT_PRODUCTS_DIR)/AdAstra.app/AdAstra";
			};
			name = Staging;
		};
/* End XCBuildConfiguration section */

/* Begin XCConfigurationList section */
		2A1E772E1F384BFC006C84D4 /* Build configuration list for PBXProject "AdAstra" */ = {
			isa = XCConfigurationList;
			buildConfigurations = (
				2A1E774E1F384BFD006C84D4 /* Debug */,
				2ABEE6CF1F387C5D00531205 /* Staging */,
				2A1E774F1F384BFD006C84D4 /* Release */,
			);
			defaultConfigurationIsVisible = 0;
			defaultConfigurationName = Release;
		};
		2A1E77501F384BFD006C84D4 /* Build configuration list for PBXNativeTarget "AdAstra" */ = {
			isa = XCConfigurationList;
			buildConfigurations = (
				2A1E77511F384BFD006C84D4 /* Debug */,
				2ABEE6D01F387C5D00531205 /* Staging */,
				2A1E77521F384BFD006C84D4 /* Release */,
			);
			defaultConfigurationIsVisible = 0;
			defaultConfigurationName = Release;
		};
		2A1E77531F384BFD006C84D4 /* Build configuration list for PBXNativeTarget "AdAstraTests" */ = {
			isa = XCConfigurationList;
			buildConfigurations = (
				2A1E77541F384BFD006C84D4 /* Debug */,
				2ABEE6D11F387C5D00531205 /* Staging */,
				2A1E77551F384BFD006C84D4 /* Release */,
			);
			defaultConfigurationIsVisible = 0;
			defaultConfigurationName = Release;
		};
/* End XCConfigurationList section */
	};
	rootObject = 2A1E772B1F384BFC006C84D4 /* Project object */;
}
